
Microsoft Visual Studio Solution File, Format Version 12.00
# Visual Studio 15
Project("{FAE04EC0-301F-11D3-BF4B-00C04F79EFBC}") = "Oculus.VR", "Oculus.VR.csproj", "{851AD609-35BE-E402-50E7-9A2AA1F9EAE1}"
EndProject
Project("{FAE04EC0-301F-11D3-BF4B-00C04F79EFBC}") = "Oculus.VR.Editor", "Oculus.VR.Editor.csproj", "{6B9C8E4A-B777-A3A3-CBA8-9EB52C2118A3}"
EndProject
Project("{FAE04EC0-301F-11D3-BF4B-00C04F79EFBC}") = "Meta.XR.BuildingBlocks.Editor", "Meta.XR.BuildingBlocks.Editor.csproj", "{8A80ACC5-4001-25C0-B0C4-804139D1CD2B}"
EndProject
Project("{FAE04EC0-301F-11D3-BF4B-00C04F79EFBC}") = "Oculus.VR.Scripts.Editor", "Oculus.VR.Scripts.Editor.csproj", "{B16B78B7-980C-4F70-1D8E-AF4D88F9936F}"
EndProject
Project("{FAE04EC0-301F-11D3-BF4B-00C04F79EFBC}") = "Meta.XR.BuildingBlocks", "Meta.XR.BuildingBlocks.csproj", "{DC3EF37C-7798-D4EF-3EDC-91C3ED5D0CF0}"
EndProject
Global
	GlobalSection(SolutionConfigurationPlatforms) = preSolution
		Debug|Any CPU = Debug|Any CPU
		Release|Any CPU = Release|Any CPU
	EndGlobalSection
	GlobalSection(ProjectConfigurationPlatforms) = postSolution
		{851AD609-35BE-E402-50E7-9A2AA1F9EAE1}.Debug|Any CPU.ActiveCfg = Debug|Any CPU
		{851AD609-35BE-E402-50E7-9A2AA1F9EAE1}.Debug|Any CPU.Build.0 = Debug|Any CPU
		{851AD609-35BE-E402-50E7-9A2AA1F9EAE1}.Release|Any CPU.ActiveCfg = Release|Any CPU
		{851AD609-35BE-E402-50E7-9A2AA1F9EAE1}.Release|Any CPU.Build.0 = Release|Any CPU
		{6B9C8E4A-B777-A3A3-CBA8-9EB52C2118A3}.Debug|Any CPU.ActiveCfg = Debug|Any CPU
		{6B9C8E4A-B777-A3A3-CBA8-9EB52C2118A3}.Debug|Any CPU.Build.0 = Debug|Any CPU
		{6B9C8E4A-B777-A3A3-CBA8-9EB52C2118A3}.Release|Any CPU.ActiveCfg = Release|Any CPU
		{6B9C8E4A-B777-A3A3-CBA8-9EB52C2118A3}.Release|Any CPU.Build.0 = Release|Any CPU
		{8A80ACC5-4001-25C0-B0C4-804139D1CD2B}.Debug|Any CPU.ActiveCfg = Debug|Any CPU
		{8A80ACC5-4001-25C0-B0C4-804139D1CD2B}.Debug|Any CPU.Build.0 = Debug|Any CPU
		{8A80ACC5-4001-25C0-B0C4-804139D1CD2B}.Release|Any CPU.ActiveCfg = Release|Any CPU
		{8A80ACC5-4001-25C0-B0C4-804139D1CD2B}.Release|Any CPU.Build.0 = Release|Any CPU
		{B16B78B7-980C-4F70-1D8E-AF4D88F9936F}.Debug|Any CPU.ActiveCfg = Debug|Any CPU
		{B16B78B7-980C-4F70-1D8E-AF4D88F9936F}.Debug|Any CPU.Build.0 = Debug|Any CPU
		{B16B78B7-980C-4F70-1D8E-AF4D88F9936F}.Release|Any CPU.ActiveCfg = Release|Any CPU
		{B16B78B7-980C-4F70-1D8E-AF4D88F9936F}.Release|Any CPU.Build.0 = Release|Any CPU
		{DC3EF37C-7798-D4EF-3EDC-91C3ED5D0CF0}.Debug|Any CPU.ActiveCfg = Debug|Any CPU
		{DC3EF37C-7798-D4EF-3EDC-91C3ED5D0CF0}.Debug|Any CPU.Build.0 = Debug|Any CPU
		{DC3EF37C-7798-D4EF-3EDC-91C3ED5D0CF0}.Release|Any CPU.ActiveCfg = Release|Any CPU
		{DC3EF37C-7798-D4EF-3EDC-91C3ED5D0CF0}.Release|Any CPU.Build.0 = Release|Any CPU
	EndGlobalSection
	GlobalSection(SolutionProperties) = preSolution
		HideSolutionNode = FALSE
	EndGlobalSection
EndGlobal
