
Microsoft Visual Studio Solution File, Format Version 12.00
# Visual Studio 15
Project("{FAE04EC0-301F-11D3-BF4B-00C04F79EFBC}") = "Assembly-CSharp", "Assembly-CSharp.csproj", "{A03C91D0-6B97-01DA-54CC-736FD5237D78}"
EndProject
Project("{FAE04EC0-301F-11D3-BF4B-00C04F79EFBC}") = "Unity.XR.Interaction.Toolkit.Samples.StarterAssets", "Unity.XR.Interaction.Toolkit.Samples.StarterAssets.csproj", "{A0F36716-DD7F-18F3-25F7-F748B46E6545}"
EndProject
Project("{FAE04EC0-301F-11D3-BF4B-00C04F79EFBC}") = "Unity.XR.Interaction.Toolkit.Samples.DeviceSimulator", "Unity.XR.Interaction.Toolkit.Samples.DeviceSimulator.csproj", "{D3EFEF3E-4D7D-0D56-EC90-AECFA9923AC3}"
EndProject
Project("{FAE04EC0-301F-11D3-BF4B-00C04F79EFBC}") = "Unity.XR.Interaction.Toolkit.Samples.StarterAssets.Editor", "Unity.XR.Interaction.Toolkit.Samples.StarterAssets.Editor.csproj", "{BF109E24-1B4F-88A6-175E-7D47616297E5}"
EndProject
Global
	GlobalSection(SolutionConfigurationPlatforms) = preSolution
		Debug|Any CPU = Debug|Any CPU
		Release|Any CPU = Release|Any CPU
	EndGlobalSection
	GlobalSection(ProjectConfigurationPlatforms) = postSolution
		{A03C91D0-6B97-01DA-54CC-736FD5237D78}.Debug|Any CPU.ActiveCfg = Debug|Any CPU
		{A03C91D0-6B97-01DA-54CC-736FD5237D78}.Debug|Any CPU.Build.0 = Debug|Any CPU
		{A03C91D0-6B97-01DA-54CC-736FD5237D78}.Release|Any CPU.ActiveCfg = Release|Any CPU
		{A03C91D0-6B97-01DA-54CC-736FD5237D78}.Release|Any CPU.Build.0 = Release|Any CPU
		{A0F36716-DD7F-18F3-25F7-F748B46E6545}.Debug|Any CPU.ActiveCfg = Debug|Any CPU
		{A0F36716-DD7F-18F3-25F7-F748B46E6545}.Debug|Any CPU.Build.0 = Debug|Any CPU
		{A0F36716-DD7F-18F3-25F7-F748B46E6545}.Release|Any CPU.ActiveCfg = Release|Any CPU
		{A0F36716-DD7F-18F3-25F7-F748B46E6545}.Release|Any CPU.Build.0 = Release|Any CPU
		{D3EFEF3E-4D7D-0D56-EC90-AECFA9923AC3}.Debug|Any CPU.ActiveCfg = Debug|Any CPU
		{D3EFEF3E-4D7D-0D56-EC90-AECFA9923AC3}.Debug|Any CPU.Build.0 = Debug|Any CPU
		{D3EFEF3E-4D7D-0D56-EC90-AECFA9923AC3}.Release|Any CPU.ActiveCfg = Release|Any CPU
		{D3EFEF3E-4D7D-0D56-EC90-AECFA9923AC3}.Release|Any CPU.Build.0 = Release|Any CPU
		{BF109E24-1B4F-88A6-175E-7D47616297E5}.Debug|Any CPU.ActiveCfg = Debug|Any CPU
		{BF109E24-1B4F-88A6-175E-7D47616297E5}.Debug|Any CPU.Build.0 = Debug|Any CPU
		{BF109E24-1B4F-88A6-175E-7D47616297E5}.Release|Any CPU.ActiveCfg = Release|Any CPU
		{BF109E24-1B4F-88A6-175E-7D47616297E5}.Release|Any CPU.Build.0 = Release|Any CPU
	EndGlobalSection
	GlobalSection(SolutionProperties) = preSolution
		HideSolutionNode = FALSE
	EndGlobalSection
EndGlobal
